# This file is automatically @generated by Cargo.
# It is not intended for manual editing.
version = 4

[[package]]
name = "autocfg"
version = "1.4.0"
source = "registry+https://github.com/rust-lang/crates.io-index"
checksum = "ace50bade8e6234aa140d9a2f552bbee1db4d353f69b8217bc503490fc1a9f26"

[[package]]
name = "byteorder"
version = "1.5.0"
source = "registry+https://github.com/rust-lang/crates.io-index"
checksum = "1fd0f2584146f6f2ef48085050886acf353beff7305ebd1ae69500e27c67f64b"

[[package]]
name = "evernote"
version = "0.1.0"
dependencies = [
 "thrift",
]

[[package]]
name = "hermit-abi"
version = "0.5.1"
source = "registry+https://github.com/rust-lang/crates.io-index"
checksum = "f154ce46856750ed433c8649605bf7ed2de3bc35fd9d2a9f30cddd873c80cb08"

[[package]]
name = "integer-encoding"
version = "3.0.4"
source = "registry+https://github.com/rust-lang/crates.io-index"
checksum = "8bb03732005da905c88227371639bf1ad885cc712789c011c31c5fb3ab3ccf02"

[[package]]
name = "libc"
version = "0.2.172"
source = "registry+https://github.com/rust-lang/crates.io-index"
checksum = "d750af042f7ef4f724306de029d18836c26c1765a54a6a3f094cbd23a7267ffa"

[[package]]
name = "log"
version = "0.4.27"
source = "registry+https://github.com/rust-lang/crates.io-index"
checksum = "13dc2df351e3202783a1fe0d44375f7295ffb4049267b0f3018346dc122a1d94"

[[package]]
name = "num-traits"
version = "0.2.19"
source = "registry+https://github.com/rust-lang/crates.io-index"
checksum = "071dfc062690e90b734c0b2273ce72ad0ffa95f0c74596bc250dcfd960262841"
dependencies = [
 "autocfg",
]

[[package]]
name = "num_cpus"
version = "1.17.0"
source = "registry+https://github.com/rust-lang/crates.io-index"
checksum = "91df4bbde75afed763b708b7eee1e8e7651e02d97f6d5dd763e89367e957b23b"
dependencies = [
 "hermit-abi",
 "libc",
]

[[package]]
name = "ordered-float"
version = "2.10.1"
source = "registry+https://github.com/rust-lang/crates.io-index"
checksum = "68f19d67e5a2795c94e73e0bb1cc1a7edeb2e28efd39e2e1c9b7a40c1108b11c"
dependencies = [
 "num-traits",
]

[[package]]
name = "threadpool"
version = "1.8.1"
source = "registry+https://github.com/rust-lang/crates.io-index"
checksum = "d050e60b33d41c19108b32cea32164033a9013fe3b46cbd4457559bfbf77afaa"
dependencies = [
 "num_cpus",
]

[[package]]
name = "thrift"
version = "0.17.0"
source = "registry+https://github.com/rust-lang/crates.io-index"
checksum = "7e54bc85fc7faa8bc175c4bab5b92ba8d9a3ce893d0e9f42cc455c8ab16a9e09"
dependencies = [
 "byteorder",
 "integer-encoding",
 "log",
 "ordered-float",
 "threadpool",
]
